{
    "version": 3,
    "terraform_version": "0.9.11",
    "serial": 37,
    "lineage": "b4960981-2a7e-465a-9d26-0c1b25220f73",
    "modules": [
        {
            "path": [
                "root"
            ],
            "outputs": {},
            "resources": {
                "aws_api_gateway_deployment.taskapp_deployment": {
                    "type": "aws_api_gateway_deployment",
                    "depends_on": [
                        "aws_api_gateway_rest_api.taskapp",
                        "module.task_add",
                        "module.task_list"
                    ],
                    "primary": {
                        "id": "rswq66",
                        "attributes": {
                            "created_date": "2017-08-02T00:09:46Z",
                            "description": "Deploy methods: GET POST",
                            "execution_arn": "arn:aws:execute-api:us-east-1:166473545606:e9tlx3b745/dev",
                            "id": "rswq66",
                            "invoke_url": "https://e9tlx3b745.execute-api.us-east-1.amazonaws.com/dev",
                            "rest_api_id": "e9tlx3b745",
                            "stage_name": "dev"
                        },
                        "meta": {},
                        "tainted": false
                    },
                    "deposed": [],
                    "provider": ""
                },
                "aws_api_gateway_resource.taskapp_res_task": {
                    "type": "aws_api_gateway_resource",
                    "depends_on": [
                        "aws_api_gateway_rest_api.taskapp"
                    ],
                    "primary": {
                        "id": "a89dx2",
                        "attributes": {
                            "id": "a89dx2",
                            "parent_id": "2maeoofvi2",
                            "path": "/task",
                            "path_part": "task",
                            "rest_api_id": "e9tlx3b745"
                        },
                        "meta": {},
                        "tainted": false
                    },
                    "deposed": [],
                    "provider": ""
                },
                "aws_api_gateway_rest_api.taskapp": {
                    "type": "aws_api_gateway_rest_api",
                    "depends_on": [],
                    "primary": {
                        "id": "e9tlx3b745",
                        "attributes": {
                            "binary_media_types.#": "0",
                            "created_date": "2017-08-02T00:09:43Z",
                            "description": "",
                            "id": "e9tlx3b745",
                            "name": "Task App",
                            "root_resource_id": "2maeoofvi2"
                        },
                        "meta": {},
                        "tainted": false
                    },
                    "deposed": [],
                    "provider": ""
                },
                "aws_dynamodb_table.taskapp": {
                    "type": "aws_dynamodb_table",
                    "depends_on": [],
                    "primary": {
                        "id": "taskapp",
                        "attributes": {
                            "arn": "arn:aws:dynamodb:us-east-1:166473545606:table/taskapp",
                            "attribute.#": "1",
                            "attribute.4228504427.name": "id",
                            "attribute.4228504427.type": "S",
                            "global_secondary_index.#": "0",
                            "hash_key": "id",
                            "id": "taskapp",
                            "local_secondary_index.#": "0",
                            "name": "taskapp",
                            "read_capacity": "5",
                            "write_capacity": "5"
                        },
                        "meta": {
                            "schema_version": "1"
                        },
                        "tainted": false
                    },
                    "deposed": [],
                    "provider": ""
                }
            },
            "depends_on": []
        },
        {
            "path": [
                "root",
                "hello_get"
            ],
            "outputs": {
                "http_method": {
                    "sensitive": false,
                    "type": "string",
                    "value": "GET"
                }
            },
            "resources": {},
            "depends_on": []
        },
        {
            "path": [
                "root",
                "hello_post"
            ],
            "outputs": {
                "http_method": {
                    "sensitive": false,
                    "type": "string",
                    "value": "POST"
                }
            },
            "resources": {},
            "depends_on": []
        },
        {
            "path": [
                "root",
                "task_add"
            ],
            "outputs": {
                "http_method": {
                    "sensitive": false,
                    "type": "string",
                    "value": "POST"
                }
            },
            "resources": {
                "aws_api_gateway_integration.request_method_integration": {
                    "type": "aws_api_gateway_integration",
                    "depends_on": [
                        "aws_api_gateway_method.request_method"
                    ],
                    "primary": {
                        "id": "agi-e9tlx3b745-a89dx2-POST",
                        "attributes": {
                            "http_method": "POST",
                            "id": "agi-e9tlx3b745-a89dx2-POST",
                            "integration_http_method": "POST",
                            "passthrough_behavior": "WHEN_NO_MATCH",
                            "request_parameters.%": "0",
                            "request_templates.%": "0",
                            "resource_id": "a89dx2",
                            "rest_api_id": "e9tlx3b745",
                            "type": "AWS",
                            "uri": "arn:aws:apigateway:us-east-1:lambda:path/2015-03-31/functions/arn:aws:lambda:us-east-1:166473545606:function:taskapp_task_add/invocations"
                        },
                        "meta": {},
                        "tainted": false
                    },
                    "deposed": [],
                    "provider": ""
                },
                "aws_api_gateway_integration_response.response_method_integration_200": {
                    "type": "aws_api_gateway_integration_response",
                    "depends_on": [
                        "aws_api_gateway_method_response.response_method_200"
                    ],
                    "primary": {
                        "id": "agir-e9tlx3b745-a89dx2-POST-200",
                        "attributes": {
                            "http_method": "POST",
                            "id": "agir-e9tlx3b745-a89dx2-POST-200",
                            "resource_id": "a89dx2",
                            "response_parameters.%": "0",
                            "response_templates.%": "1",
                            "response_templates.application/json": "",
                            "rest_api_id": "e9tlx3b745",
                            "selection_pattern": "",
                            "status_code": "200"
                        },
                        "meta": {},
                        "tainted": false
                    },
                    "deposed": [],
                    "provider": ""
                },
                "aws_api_gateway_integration_response.response_method_integration_400": {
                    "type": "aws_api_gateway_integration_response",
                    "depends_on": [
                        "aws_api_gateway_method_response.response_method_400"
                    ],
                    "primary": {
                        "id": "agir-e9tlx3b745-a89dx2-POST-400",
                        "attributes": {
                            "http_method": "POST",
                            "id": "agir-e9tlx3b745-a89dx2-POST-400",
                            "resource_id": "a89dx2",
                            "response_parameters.%": "0",
                            "response_templates.%": "1",
                            "response_templates.application/json": "",
                            "rest_api_id": "e9tlx3b745",
                            "selection_pattern": "^[BadRequest].*",
                            "status_code": "400"
                        },
                        "meta": {},
                        "tainted": false
                    },
                    "deposed": [],
                    "provider": ""
                },
                "aws_api_gateway_integration_response.response_method_integration_500": {
                    "type": "aws_api_gateway_integration_response",
                    "depends_on": [
                        "aws_api_gateway_method_response.response_method_500"
                    ],
                    "primary": {
                        "id": "agir-e9tlx3b745-a89dx2-POST-500",
                        "attributes": {
                            "http_method": "POST",
                            "id": "agir-e9tlx3b745-a89dx2-POST-500",
                            "resource_id": "a89dx2",
                            "response_parameters.%": "0",
                            "response_templates.%": "1",
                            "response_templates.application/json": "",
                            "rest_api_id": "e9tlx3b745",
                            "selection_pattern": "^[InternalServerError].*",
                            "status_code": "500"
                        },
                        "meta": {},
                        "tainted": false
                    },
                    "deposed": [],
                    "provider": ""
                },
                "aws_api_gateway_method.request_method": {
                    "type": "aws_api_gateway_method",
                    "depends_on": [],
                    "primary": {
                        "id": "agm-e9tlx3b745-a89dx2-POST",
                        "attributes": {
                            "api_key_required": "false",
                            "authorization": "NONE",
                            "authorizer_id": "",
                            "http_method": "POST",
                            "id": "agm-e9tlx3b745-a89dx2-POST",
                            "request_models.%": "0",
                            "request_parameters.%": "0",
                            "resource_id": "a89dx2",
                            "rest_api_id": "e9tlx3b745"
                        },
                        "meta": {},
                        "tainted": false
                    },
                    "deposed": [],
                    "provider": ""
                },
                "aws_api_gateway_method_response.response_method_200": {
                    "type": "aws_api_gateway_method_response",
                    "depends_on": [
                        "aws_api_gateway_integration.request_method_integration"
                    ],
                    "primary": {
                        "id": "agmr-e9tlx3b745-a89dx2-POST-200",
                        "attributes": {
                            "http_method": "POST",
                            "id": "agmr-e9tlx3b745-a89dx2-POST-200",
                            "resource_id": "a89dx2",
                            "response_models.%": "1",
                            "response_models.application/json": "Empty",
                            "response_parameters.%": "0",
                            "rest_api_id": "e9tlx3b745",
                            "status_code": "200"
                        },
                        "meta": {},
                        "tainted": false
                    },
                    "deposed": [],
                    "provider": ""
                },
                "aws_api_gateway_method_response.response_method_400": {
                    "type": "aws_api_gateway_method_response",
                    "depends_on": [
                        "aws_api_gateway_integration.request_method_integration"
                    ],
                    "primary": {
                        "id": "agmr-e9tlx3b745-a89dx2-POST-400",
                        "attributes": {
                            "http_method": "POST",
                            "id": "agmr-e9tlx3b745-a89dx2-POST-400",
                            "resource_id": "a89dx2",
                            "response_models.%": "1",
                            "response_models.application/json": "Empty",
                            "response_parameters.%": "0",
                            "rest_api_id": "e9tlx3b745",
                            "status_code": "400"
                        },
                        "meta": {},
                        "tainted": false
                    },
                    "deposed": [],
                    "provider": ""
                },
                "aws_api_gateway_method_response.response_method_500": {
                    "type": "aws_api_gateway_method_response",
                    "depends_on": [
                        "aws_api_gateway_integration_response.response_method_integration_400"
                    ],
                    "primary": {
                        "id": "agmr-e9tlx3b745-a89dx2-POST-500",
                        "attributes": {
                            "http_method": "POST",
                            "id": "agmr-e9tlx3b745-a89dx2-POST-500",
                            "resource_id": "a89dx2",
                            "response_models.%": "1",
                            "response_models.application/json": "Empty",
                            "response_parameters.%": "0",
                            "rest_api_id": "e9tlx3b745",
                            "status_code": "500"
                        },
                        "meta": {},
                        "tainted": false
                    },
                    "deposed": [],
                    "provider": ""
                },
                "aws_lambda_permission.allow_api_gateway": {
                    "type": "aws_lambda_permission",
                    "depends_on": [],
                    "primary": {
                        "id": "AllowExecutionFromApiGateway",
                        "attributes": {
                            "action": "lambda:InvokeFunction",
                            "function_name": "arn:aws:lambda:us-east-1:166473545606:function:taskapp_task_add",
                            "id": "AllowExecutionFromApiGateway",
                            "principal": "apigateway.amazonaws.com",
                            "qualifier": "",
                            "source_arn": "arn:aws:execute-api:us-east-1:166473545606:e9tlx3b745/*/POST/task",
                            "statement_id": "AllowExecutionFromApiGateway"
                        },
                        "meta": {},
                        "tainted": false
                    },
                    "deposed": [],
                    "provider": ""
                }
            },
            "depends_on": []
        },
        {
            "path": [
                "root",
                "task_list"
            ],
            "outputs": {
                "http_method": {
                    "sensitive": false,
                    "type": "string",
                    "value": "GET"
                }
            },
            "resources": {
                "aws_api_gateway_integration.request_method_integration": {
                    "type": "aws_api_gateway_integration",
                    "depends_on": [
                        "aws_api_gateway_method.request_method"
                    ],
                    "primary": {
                        "id": "agi-e9tlx3b745-a89dx2-GET",
                        "attributes": {
                            "http_method": "GET",
                            "id": "agi-e9tlx3b745-a89dx2-GET",
                            "integration_http_method": "POST",
                            "passthrough_behavior": "WHEN_NO_MATCH",
                            "request_parameters.%": "0",
                            "request_templates.%": "0",
                            "resource_id": "a89dx2",
                            "rest_api_id": "e9tlx3b745",
                            "type": "AWS",
                            "uri": "arn:aws:apigateway:us-east-1:lambda:path/2015-03-31/functions/arn:aws:lambda:us-east-1:166473545606:function:taskapp_task_list/invocations"
                        },
                        "meta": {},
                        "tainted": false
                    },
                    "deposed": [],
                    "provider": ""
                },
                "aws_api_gateway_integration_response.response_method_integration_200": {
                    "type": "aws_api_gateway_integration_response",
                    "depends_on": [
                        "aws_api_gateway_method_response.response_method_200"
                    ],
                    "primary": {
                        "id": "agir-e9tlx3b745-a89dx2-GET-200",
                        "attributes": {
                            "http_method": "GET",
                            "id": "agir-e9tlx3b745-a89dx2-GET-200",
                            "resource_id": "a89dx2",
                            "response_parameters.%": "0",
                            "response_templates.%": "1",
                            "response_templates.application/json": "",
                            "rest_api_id": "e9tlx3b745",
                            "selection_pattern": "",
                            "status_code": "200"
                        },
                        "meta": {},
                        "tainted": false
                    },
                    "deposed": [],
                    "provider": ""
                },
                "aws_api_gateway_integration_response.response_method_integration_400": {
                    "type": "aws_api_gateway_integration_response",
                    "depends_on": [
                        "aws_api_gateway_method_response.response_method_400"
                    ],
                    "primary": {
                        "id": "agir-e9tlx3b745-a89dx2-GET-400",
                        "attributes": {
                            "http_method": "GET",
                            "id": "agir-e9tlx3b745-a89dx2-GET-400",
                            "resource_id": "a89dx2",
                            "response_parameters.%": "0",
                            "response_templates.%": "1",
                            "response_templates.application/json": "",
                            "rest_api_id": "e9tlx3b745",
                            "selection_pattern": "^[BadRequest].*",
                            "status_code": "400"
                        },
                        "meta": {},
                        "tainted": false
                    },
                    "deposed": [],
                    "provider": ""
                },
                "aws_api_gateway_integration_response.response_method_integration_500": {
                    "type": "aws_api_gateway_integration_response",
                    "depends_on": [
                        "aws_api_gateway_method_response.response_method_500"
                    ],
                    "primary": {
                        "id": "agir-e9tlx3b745-a89dx2-GET-500",
                        "attributes": {
                            "http_method": "GET",
                            "id": "agir-e9tlx3b745-a89dx2-GET-500",
                            "resource_id": "a89dx2",
                            "response_parameters.%": "0",
                            "response_templates.%": "1",
                            "response_templates.application/json": "",
                            "rest_api_id": "e9tlx3b745",
                            "selection_pattern": "^[InternalServerError].*",
                            "status_code": "500"
                        },
                        "meta": {},
                        "tainted": false
                    },
                    "deposed": [],
                    "provider": ""
                },
                "aws_api_gateway_method.request_method": {
                    "type": "aws_api_gateway_method",
                    "depends_on": [],
                    "primary": {
                        "id": "agm-e9tlx3b745-a89dx2-GET",
                        "attributes": {
                            "api_key_required": "false",
                            "authorization": "NONE",
                            "authorizer_id": "",
                            "http_method": "GET",
                            "id": "agm-e9tlx3b745-a89dx2-GET",
                            "request_models.%": "0",
                            "request_parameters.%": "0",
                            "resource_id": "a89dx2",
                            "rest_api_id": "e9tlx3b745"
                        },
                        "meta": {},
                        "tainted": false
                    },
                    "deposed": [],
                    "provider": ""
                },
                "aws_api_gateway_method_response.response_method_200": {
                    "type": "aws_api_gateway_method_response",
                    "depends_on": [
                        "aws_api_gateway_integration.request_method_integration"
                    ],
                    "primary": {
                        "id": "agmr-e9tlx3b745-a89dx2-GET-200",
                        "attributes": {
                            "http_method": "GET",
                            "id": "agmr-e9tlx3b745-a89dx2-GET-200",
                            "resource_id": "a89dx2",
                            "response_models.%": "1",
                            "response_models.application/json": "Empty",
                            "response_parameters.%": "0",
                            "rest_api_id": "e9tlx3b745",
                            "status_code": "200"
                        },
                        "meta": {},
                        "tainted": false
                    },
                    "deposed": [],
                    "provider": ""
                },
                "aws_api_gateway_method_response.response_method_400": {
                    "type": "aws_api_gateway_method_response",
                    "depends_on": [
                        "aws_api_gateway_integration_response.response_method_integration_200"
                    ],
                    "primary": {
                        "id": "agmr-e9tlx3b745-a89dx2-GET-400",
                        "attributes": {
                            "http_method": "GET",
                            "id": "agmr-e9tlx3b745-a89dx2-GET-400",
                            "resource_id": "a89dx2",
                            "response_models.%": "1",
                            "response_models.application/json": "Empty",
                            "response_parameters.%": "0",
                            "rest_api_id": "e9tlx3b745",
                            "status_code": "400"
                        },
                        "meta": {},
                        "tainted": false
                    },
                    "deposed": [],
                    "provider": ""
                },
                "aws_api_gateway_method_response.response_method_500": {
                    "type": "aws_api_gateway_method_response",
                    "depends_on": [
                        "aws_api_gateway_integration_response.response_method_integration_400"
                    ],
                    "primary": {
                        "id": "agmr-e9tlx3b745-a89dx2-GET-500",
                        "attributes": {
                            "http_method": "GET",
                            "id": "agmr-e9tlx3b745-a89dx2-GET-500",
                            "resource_id": "a89dx2",
                            "response_models.%": "1",
                            "response_models.application/json": "Empty",
                            "response_parameters.%": "0",
                            "rest_api_id": "e9tlx3b745",
                            "status_code": "500"
                        },
                        "meta": {},
                        "tainted": false
                    },
                    "deposed": [],
                    "provider": ""
                },
                "aws_lambda_permission.allow_api_gateway": {
                    "type": "aws_lambda_permission",
                    "depends_on": [],
                    "primary": {
                        "id": "AllowExecutionFromApiGateway",
                        "attributes": {
                            "action": "lambda:InvokeFunction",
                            "function_name": "arn:aws:lambda:us-east-1:166473545606:function:taskapp_task_list",
                            "id": "AllowExecutionFromApiGateway",
                            "principal": "apigateway.amazonaws.com",
                            "qualifier": "",
                            "source_arn": "arn:aws:execute-api:us-east-1:166473545606:e9tlx3b745/*/GET/task",
                            "statement_id": "AllowExecutionFromApiGateway"
                        },
                        "meta": {},
                        "tainted": false
                    },
                    "deposed": [],
                    "provider": ""
                }
            },
            "depends_on": []
        }
    ]
}
