{
    "version": 3,
    "terraform_version": "0.9.11",
    "serial": 78,
    "lineage": "b4960981-2a7e-465a-9d26-0c1b25220f73",
    "modules": [
        {
            "path": [
                "root"
            ],
            "outputs": {},
            "resources": {
                "aws_api_gateway_deployment.taskapp_deployment": {
                    "type": "aws_api_gateway_deployment",
                    "depends_on": [
                        "aws_api_gateway_rest_api.taskapp",
                        "module.task_add",
                        "module.task_delete",
                        "module.task_list",
                        "module.task_update"
                    ],
                    "primary": {
                        "id": "f1i595",
                        "attributes": {
                            "created_date": "2017-08-02T17:58:56Z",
                            "description": "Deploy methods",
                            "execution_arn": "arn:aws:execute-api:us-east-1:166473545606:ovfepswc3l/dev",
                            "id": "f1i595",
                            "invoke_url": "https://ovfepswc3l.execute-api.us-east-1.amazonaws.com/dev",
                            "rest_api_id": "ovfepswc3l",
                            "stage_name": "dev"
                        },
                        "meta": {},
                        "tainted": false
                    },
                    "deposed": [],
                    "provider": ""
                },
                "aws_api_gateway_resource.taskapp_res_task": {
                    "type": "aws_api_gateway_resource",
                    "depends_on": [
                        "aws_api_gateway_rest_api.taskapp"
                    ],
                    "primary": {
                        "id": "gq0afx",
                        "attributes": {
                            "id": "gq0afx",
                            "parent_id": "3vb6lknt28",
                            "path": "/task",
                            "path_part": "task",
                            "rest_api_id": "ovfepswc3l"
                        },
                        "meta": {},
                        "tainted": false
                    },
                    "deposed": [],
                    "provider": ""
                },
                "aws_api_gateway_resource.taskapp_res_task_delete": {
                    "type": "aws_api_gateway_resource",
                    "depends_on": [
                        "aws_api_gateway_resource.taskapp_res_task",
                        "aws_api_gateway_rest_api.taskapp"
                    ],
                    "primary": {
                        "id": "ohlz6a",
                        "attributes": {
                            "id": "ohlz6a",
                            "parent_id": "gq0afx",
                            "path": "/task/{deleteTaskId}",
                            "path_part": "{deleteTaskId}",
                            "rest_api_id": "ovfepswc3l"
                        },
                        "meta": {},
                        "tainted": false
                    },
                    "deposed": [],
                    "provider": ""
                },
                "aws_api_gateway_resource.taskapp_res_task_list": {
                    "type": "aws_api_gateway_resource",
                    "depends_on": [
                        "aws_api_gateway_resource.taskapp_res_task",
                        "aws_api_gateway_rest_api.taskapp"
                    ],
                    "primary": {
                        "id": "qghjq1",
                        "attributes": {
                            "id": "qghjq1",
                            "parent_id": "gq0afx",
                            "path": "/task/list",
                            "path_part": "list",
                            "rest_api_id": "ovfepswc3l"
                        },
                        "meta": {},
                        "tainted": false
                    },
                    "deposed": [],
                    "provider": ""
                },
                "aws_api_gateway_resource.taskapp_res_task_update": {
                    "type": "aws_api_gateway_resource",
                    "depends_on": [
                        "aws_api_gateway_resource.taskapp_res_task",
                        "aws_api_gateway_rest_api.taskapp"
                    ],
                    "primary": {
                        "id": "o6nh41",
                        "attributes": {
                            "id": "o6nh41",
                            "parent_id": "gq0afx",
                            "path": "/task/{updateTaskId}",
                            "path_part": "{updateTaskId}",
                            "rest_api_id": "ovfepswc3l"
                        },
                        "meta": {},
                        "tainted": false
                    },
                    "deposed": [],
                    "provider": ""
                },
                "aws_api_gateway_rest_api.taskapp": {
                    "type": "aws_api_gateway_rest_api",
                    "depends_on": [],
                    "primary": {
                        "id": "ovfepswc3l",
                        "attributes": {
                            "binary_media_types.#": "0",
                            "created_date": "2017-08-02T17:58:52Z",
                            "description": "A simple task list app",
                            "id": "ovfepswc3l",
                            "name": "Task App",
                            "root_resource_id": "3vb6lknt28"
                        },
                        "meta": {},
                        "tainted": false
                    },
                    "deposed": [],
                    "provider": ""
                },
                "aws_dynamodb_table.taskapp": {
                    "type": "aws_dynamodb_table",
                    "depends_on": [],
                    "primary": {
                        "id": "taskapp",
                        "attributes": {
                            "arn": "arn:aws:dynamodb:us-east-1:166473545606:table/taskapp",
                            "attribute.#": "1",
                            "attribute.4228504427.name": "id",
                            "attribute.4228504427.type": "S",
                            "global_secondary_index.#": "0",
                            "hash_key": "id",
                            "id": "taskapp",
                            "local_secondary_index.#": "0",
                            "name": "taskapp",
                            "read_capacity": "5",
                            "write_capacity": "5"
                        },
                        "meta": {
                            "schema_version": "1"
                        },
                        "tainted": false
                    },
                    "deposed": [],
                    "provider": ""
                }
            },
            "depends_on": []
        },
        {
            "path": [
                "root",
                "hello_get"
            ],
            "outputs": {
                "http_method": {
                    "sensitive": false,
                    "type": "string",
                    "value": "GET"
                }
            },
            "resources": {},
            "depends_on": []
        },
        {
            "path": [
                "root",
                "hello_post"
            ],
            "outputs": {
                "http_method": {
                    "sensitive": false,
                    "type": "string",
                    "value": "POST"
                }
            },
            "resources": {},
            "depends_on": []
        },
        {
            "path": [
                "root",
                "task_add"
            ],
            "outputs": {
                "http_method": {
                    "sensitive": false,
                    "type": "string",
                    "value": "POST"
                }
            },
            "resources": {
                "aws_api_gateway_integration.request_method_integration": {
                    "type": "aws_api_gateway_integration",
                    "depends_on": [
                        "aws_api_gateway_method.request_method"
                    ],
                    "primary": {
                        "id": "agi-ovfepswc3l-gq0afx-POST",
                        "attributes": {
                            "http_method": "POST",
                            "id": "agi-ovfepswc3l-gq0afx-POST",
                            "integration_http_method": "POST",
                            "passthrough_behavior": "WHEN_NO_MATCH",
                            "request_parameters.%": "0",
                            "request_templates.%": "0",
                            "resource_id": "gq0afx",
                            "rest_api_id": "ovfepswc3l",
                            "type": "AWS",
                            "uri": "arn:aws:apigateway:us-east-1:lambda:path/2015-03-31/functions/arn:aws:lambda:us-east-1:166473545606:function:taskapp_task_add/invocations"
                        },
                        "meta": {},
                        "tainted": false
                    },
                    "deposed": [],
                    "provider": ""
                },
                "aws_api_gateway_integration_response.response_method_integration_200": {
                    "type": "aws_api_gateway_integration_response",
                    "depends_on": [
                        "aws_api_gateway_method_response.response_method_200"
                    ],
                    "primary": {
                        "id": "agir-ovfepswc3l-gq0afx-POST-200",
                        "attributes": {
                            "http_method": "POST",
                            "id": "agir-ovfepswc3l-gq0afx-POST-200",
                            "resource_id": "gq0afx",
                            "response_parameters.%": "0",
                            "response_templates.%": "1",
                            "response_templates.application/json": "",
                            "rest_api_id": "ovfepswc3l",
                            "selection_pattern": "",
                            "status_code": "200"
                        },
                        "meta": {},
                        "tainted": false
                    },
                    "deposed": [],
                    "provider": ""
                },
                "aws_api_gateway_integration_response.response_method_integration_400": {
                    "type": "aws_api_gateway_integration_response",
                    "depends_on": [
                        "aws_api_gateway_method_response.response_method_400"
                    ],
                    "primary": {
                        "id": "agir-ovfepswc3l-gq0afx-POST-400",
                        "attributes": {
                            "http_method": "POST",
                            "id": "agir-ovfepswc3l-gq0afx-POST-400",
                            "resource_id": "gq0afx",
                            "response_parameters.%": "0",
                            "response_templates.%": "1",
                            "response_templates.application/json": "",
                            "rest_api_id": "ovfepswc3l",
                            "selection_pattern": "BadRequest.*",
                            "status_code": "400"
                        },
                        "meta": {},
                        "tainted": false
                    },
                    "deposed": [],
                    "provider": ""
                },
                "aws_api_gateway_integration_response.response_method_integration_500": {
                    "type": "aws_api_gateway_integration_response",
                    "depends_on": [
                        "aws_api_gateway_method_response.response_method_500"
                    ],
                    "primary": {
                        "id": "agir-ovfepswc3l-gq0afx-POST-500",
                        "attributes": {
                            "http_method": "POST",
                            "id": "agir-ovfepswc3l-gq0afx-POST-500",
                            "resource_id": "gq0afx",
                            "response_parameters.%": "0",
                            "response_templates.%": "1",
                            "response_templates.application/json": "",
                            "rest_api_id": "ovfepswc3l",
                            "selection_pattern": "InternalServerError.*",
                            "status_code": "500"
                        },
                        "meta": {},
                        "tainted": false
                    },
                    "deposed": [],
                    "provider": ""
                },
                "aws_api_gateway_method.request_method": {
                    "type": "aws_api_gateway_method",
                    "depends_on": [],
                    "primary": {
                        "id": "agm-ovfepswc3l-gq0afx-POST",
                        "attributes": {
                            "api_key_required": "false",
                            "authorization": "NONE",
                            "authorizer_id": "",
                            "http_method": "POST",
                            "id": "agm-ovfepswc3l-gq0afx-POST",
                            "request_models.%": "0",
                            "request_parameters.%": "0",
                            "resource_id": "gq0afx",
                            "rest_api_id": "ovfepswc3l"
                        },
                        "meta": {},
                        "tainted": false
                    },
                    "deposed": [],
                    "provider": ""
                },
                "aws_api_gateway_method_response.response_method_200": {
                    "type": "aws_api_gateway_method_response",
                    "depends_on": [
                        "aws_api_gateway_integration.request_method_integration"
                    ],
                    "primary": {
                        "id": "agmr-ovfepswc3l-gq0afx-POST-200",
                        "attributes": {
                            "http_method": "POST",
                            "id": "agmr-ovfepswc3l-gq0afx-POST-200",
                            "resource_id": "gq0afx",
                            "response_models.%": "1",
                            "response_models.application/json": "Empty",
                            "response_parameters.%": "0",
                            "rest_api_id": "ovfepswc3l",
                            "status_code": "200"
                        },
                        "meta": {},
                        "tainted": false
                    },
                    "deposed": [],
                    "provider": ""
                },
                "aws_api_gateway_method_response.response_method_400": {
                    "type": "aws_api_gateway_method_response",
                    "depends_on": [
                        "aws_api_gateway_integration_response.response_method_integration_200"
                    ],
                    "primary": {
                        "id": "agmr-ovfepswc3l-gq0afx-POST-400",
                        "attributes": {
                            "http_method": "POST",
                            "id": "agmr-ovfepswc3l-gq0afx-POST-400",
                            "resource_id": "gq0afx",
                            "response_models.%": "1",
                            "response_models.application/json": "Empty",
                            "response_parameters.%": "0",
                            "rest_api_id": "ovfepswc3l",
                            "status_code": "400"
                        },
                        "meta": {},
                        "tainted": false
                    },
                    "deposed": [],
                    "provider": ""
                },
                "aws_api_gateway_method_response.response_method_500": {
                    "type": "aws_api_gateway_method_response",
                    "depends_on": [
                        "aws_api_gateway_integration_response.response_method_integration_400"
                    ],
                    "primary": {
                        "id": "agmr-ovfepswc3l-gq0afx-POST-500",
                        "attributes": {
                            "http_method": "POST",
                            "id": "agmr-ovfepswc3l-gq0afx-POST-500",
                            "resource_id": "gq0afx",
                            "response_models.%": "1",
                            "response_models.application/json": "Empty",
                            "response_parameters.%": "0",
                            "rest_api_id": "ovfepswc3l",
                            "status_code": "500"
                        },
                        "meta": {},
                        "tainted": false
                    },
                    "deposed": [],
                    "provider": ""
                },
                "aws_lambda_permission.allow_api_gateway": {
                    "type": "aws_lambda_permission",
                    "depends_on": [],
                    "primary": {
                        "id": "AllowExecutionFromApiGateway",
                        "attributes": {
                            "action": "lambda:InvokeFunction",
                            "function_name": "arn:aws:lambda:us-east-1:166473545606:function:taskapp_task_add",
                            "id": "AllowExecutionFromApiGateway",
                            "principal": "apigateway.amazonaws.com",
                            "qualifier": "",
                            "source_arn": "arn:aws:execute-api:us-east-1:166473545606:ovfepswc3l/*/POST/task",
                            "statement_id": "AllowExecutionFromApiGateway"
                        },
                        "meta": {},
                        "tainted": false
                    },
                    "deposed": [],
                    "provider": ""
                }
            },
            "depends_on": []
        },
        {
            "path": [
                "root",
                "task_delete"
            ],
            "outputs": {
                "http_method": {
                    "sensitive": false,
                    "type": "string",
                    "value": "DELETE"
                }
            },
            "resources": {
                "aws_api_gateway_integration.request_method_integration": {
                    "type": "aws_api_gateway_integration",
                    "depends_on": [
                        "aws_api_gateway_method.request_method"
                    ],
                    "primary": {
                        "id": "agi-ovfepswc3l-ohlz6a-DELETE",
                        "attributes": {
                            "http_method": "DELETE",
                            "id": "agi-ovfepswc3l-ohlz6a-DELETE",
                            "integration_http_method": "POST",
                            "passthrough_behavior": "WHEN_NO_MATCH",
                            "request_parameters.%": "0",
                            "request_templates.%": "1",
                            "request_templates.application/json": "{\n  #if($input.params('deleteTaskId'))\"id\" : \"$input.params('deleteTaskId')\"#end\n}\n",
                            "resource_id": "ohlz6a",
                            "rest_api_id": "ovfepswc3l",
                            "type": "AWS",
                            "uri": "arn:aws:apigateway:us-east-1:lambda:path/2015-03-31/functions/arn:aws:lambda:us-east-1:166473545606:function:taskapp_task_delete/invocations"
                        },
                        "meta": {},
                        "tainted": false
                    },
                    "deposed": [],
                    "provider": ""
                },
                "aws_api_gateway_integration_response.response_method_integration_200": {
                    "type": "aws_api_gateway_integration_response",
                    "depends_on": [
                        "aws_api_gateway_method_response.response_method_200"
                    ],
                    "primary": {
                        "id": "agir-ovfepswc3l-ohlz6a-DELETE-200",
                        "attributes": {
                            "http_method": "DELETE",
                            "id": "agir-ovfepswc3l-ohlz6a-DELETE-200",
                            "resource_id": "ohlz6a",
                            "response_parameters.%": "0",
                            "response_templates.%": "1",
                            "response_templates.application/json": "",
                            "rest_api_id": "ovfepswc3l",
                            "selection_pattern": "",
                            "status_code": "200"
                        },
                        "meta": {},
                        "tainted": false
                    },
                    "deposed": [],
                    "provider": ""
                },
                "aws_api_gateway_integration_response.response_method_integration_400": {
                    "type": "aws_api_gateway_integration_response",
                    "depends_on": [
                        "aws_api_gateway_method_response.response_method_400"
                    ],
                    "primary": {
                        "id": "agir-ovfepswc3l-ohlz6a-DELETE-400",
                        "attributes": {
                            "http_method": "DELETE",
                            "id": "agir-ovfepswc3l-ohlz6a-DELETE-400",
                            "resource_id": "ohlz6a",
                            "response_parameters.%": "0",
                            "response_templates.%": "1",
                            "response_templates.application/json": "",
                            "rest_api_id": "ovfepswc3l",
                            "selection_pattern": "BadRequest.*",
                            "status_code": "400"
                        },
                        "meta": {},
                        "tainted": false
                    },
                    "deposed": [],
                    "provider": ""
                },
                "aws_api_gateway_integration_response.response_method_integration_500": {
                    "type": "aws_api_gateway_integration_response",
                    "depends_on": [
                        "aws_api_gateway_method_response.response_method_500"
                    ],
                    "primary": {
                        "id": "agir-ovfepswc3l-ohlz6a-DELETE-500",
                        "attributes": {
                            "http_method": "DELETE",
                            "id": "agir-ovfepswc3l-ohlz6a-DELETE-500",
                            "resource_id": "ohlz6a",
                            "response_parameters.%": "0",
                            "response_templates.%": "1",
                            "response_templates.application/json": "",
                            "rest_api_id": "ovfepswc3l",
                            "selection_pattern": "InternalServerError.*",
                            "status_code": "500"
                        },
                        "meta": {},
                        "tainted": false
                    },
                    "deposed": [],
                    "provider": ""
                },
                "aws_api_gateway_method.request_method": {
                    "type": "aws_api_gateway_method",
                    "depends_on": [],
                    "primary": {
                        "id": "agm-ovfepswc3l-ohlz6a-DELETE",
                        "attributes": {
                            "api_key_required": "false",
                            "authorization": "NONE",
                            "authorizer_id": "",
                            "http_method": "DELETE",
                            "id": "agm-ovfepswc3l-ohlz6a-DELETE",
                            "request_models.%": "0",
                            "request_parameters.%": "0",
                            "resource_id": "ohlz6a",
                            "rest_api_id": "ovfepswc3l"
                        },
                        "meta": {},
                        "tainted": false
                    },
                    "deposed": [],
                    "provider": ""
                },
                "aws_api_gateway_method_response.response_method_200": {
                    "type": "aws_api_gateway_method_response",
                    "depends_on": [
                        "aws_api_gateway_integration.request_method_integration"
                    ],
                    "primary": {
                        "id": "agmr-ovfepswc3l-ohlz6a-DELETE-200",
                        "attributes": {
                            "http_method": "DELETE",
                            "id": "agmr-ovfepswc3l-ohlz6a-DELETE-200",
                            "resource_id": "ohlz6a",
                            "response_models.%": "1",
                            "response_models.application/json": "Empty",
                            "response_parameters.%": "0",
                            "rest_api_id": "ovfepswc3l",
                            "status_code": "200"
                        },
                        "meta": {},
                        "tainted": false
                    },
                    "deposed": [],
                    "provider": ""
                },
                "aws_api_gateway_method_response.response_method_400": {
                    "type": "aws_api_gateway_method_response",
                    "depends_on": [
                        "aws_api_gateway_integration_response.response_method_integration_200"
                    ],
                    "primary": {
                        "id": "agmr-ovfepswc3l-ohlz6a-DELETE-400",
                        "attributes": {
                            "http_method": "DELETE",
                            "id": "agmr-ovfepswc3l-ohlz6a-DELETE-400",
                            "resource_id": "ohlz6a",
                            "response_models.%": "1",
                            "response_models.application/json": "Empty",
                            "response_parameters.%": "0",
                            "rest_api_id": "ovfepswc3l",
                            "status_code": "400"
                        },
                        "meta": {},
                        "tainted": false
                    },
                    "deposed": [],
                    "provider": ""
                },
                "aws_api_gateway_method_response.response_method_500": {
                    "type": "aws_api_gateway_method_response",
                    "depends_on": [
                        "aws_api_gateway_integration_response.response_method_integration_400"
                    ],
                    "primary": {
                        "id": "agmr-ovfepswc3l-ohlz6a-DELETE-500",
                        "attributes": {
                            "http_method": "DELETE",
                            "id": "agmr-ovfepswc3l-ohlz6a-DELETE-500",
                            "resource_id": "ohlz6a",
                            "response_models.%": "1",
                            "response_models.application/json": "Empty",
                            "response_parameters.%": "0",
                            "rest_api_id": "ovfepswc3l",
                            "status_code": "500"
                        },
                        "meta": {},
                        "tainted": false
                    },
                    "deposed": [],
                    "provider": ""
                },
                "aws_lambda_permission.allow_api_gateway": {
                    "type": "aws_lambda_permission",
                    "depends_on": [],
                    "primary": {
                        "id": "AllowExecutionFromApiGateway",
                        "attributes": {
                            "action": "lambda:InvokeFunction",
                            "function_name": "arn:aws:lambda:us-east-1:166473545606:function:taskapp_task_delete",
                            "id": "AllowExecutionFromApiGateway",
                            "principal": "apigateway.amazonaws.com",
                            "qualifier": "",
                            "source_arn": "arn:aws:execute-api:us-east-1:166473545606:ovfepswc3l/*/DELETE/task/{deleteTaskId}",
                            "statement_id": "AllowExecutionFromApiGateway"
                        },
                        "meta": {},
                        "tainted": false
                    },
                    "deposed": [],
                    "provider": ""
                }
            },
            "depends_on": []
        },
        {
            "path": [
                "root",
                "task_list"
            ],
            "outputs": {
                "http_method": {
                    "sensitive": false,
                    "type": "string",
                    "value": "GET"
                }
            },
            "resources": {
                "aws_api_gateway_integration.request_method_integration": {
                    "type": "aws_api_gateway_integration",
                    "depends_on": [
                        "aws_api_gateway_method.request_method"
                    ],
                    "primary": {
                        "id": "agi-ovfepswc3l-qghjq1-GET",
                        "attributes": {
                            "http_method": "GET",
                            "id": "agi-ovfepswc3l-qghjq1-GET",
                            "integration_http_method": "POST",
                            "passthrough_behavior": "WHEN_NO_MATCH",
                            "request_parameters.%": "0",
                            "request_templates.%": "1",
                            "request_templates.application/json": "{\n  #foreach($param in $input.params().querystring.keySet())\n    #if($param == \"priority\")\n      \"$param\": $util.escapeJavaScript($input.params().querystring.get($param))\n    #{else}\n      \"$param\": \"$util.escapeJavaScript($input.params().querystring.get($param))\" \n    #end\n    #if($foreach.hasNext),#end\n  #end\n}\n",
                            "resource_id": "qghjq1",
                            "rest_api_id": "ovfepswc3l",
                            "type": "AWS",
                            "uri": "arn:aws:apigateway:us-east-1:lambda:path/2015-03-31/functions/arn:aws:lambda:us-east-1:166473545606:function:taskapp_task_list/invocations"
                        },
                        "meta": {},
                        "tainted": false
                    },
                    "deposed": [],
                    "provider": ""
                },
                "aws_api_gateway_integration_response.response_method_integration_200": {
                    "type": "aws_api_gateway_integration_response",
                    "depends_on": [
                        "aws_api_gateway_method_response.response_method_200"
                    ],
                    "primary": {
                        "id": "agir-ovfepswc3l-qghjq1-GET-200",
                        "attributes": {
                            "http_method": "GET",
                            "id": "agir-ovfepswc3l-qghjq1-GET-200",
                            "resource_id": "qghjq1",
                            "response_parameters.%": "0",
                            "response_templates.%": "1",
                            "response_templates.application/json": "",
                            "rest_api_id": "ovfepswc3l",
                            "selection_pattern": "",
                            "status_code": "200"
                        },
                        "meta": {},
                        "tainted": false
                    },
                    "deposed": [],
                    "provider": ""
                },
                "aws_api_gateway_integration_response.response_method_integration_400": {
                    "type": "aws_api_gateway_integration_response",
                    "depends_on": [
                        "aws_api_gateway_method_response.response_method_400"
                    ],
                    "primary": {
                        "id": "agir-ovfepswc3l-qghjq1-GET-400",
                        "attributes": {
                            "http_method": "GET",
                            "id": "agir-ovfepswc3l-qghjq1-GET-400",
                            "resource_id": "qghjq1",
                            "response_parameters.%": "0",
                            "response_templates.%": "1",
                            "response_templates.application/json": "",
                            "rest_api_id": "ovfepswc3l",
                            "selection_pattern": "BadRequest.*",
                            "status_code": "400"
                        },
                        "meta": {},
                        "tainted": false
                    },
                    "deposed": [],
                    "provider": ""
                },
                "aws_api_gateway_integration_response.response_method_integration_500": {
                    "type": "aws_api_gateway_integration_response",
                    "depends_on": [
                        "aws_api_gateway_method_response.response_method_500"
                    ],
                    "primary": {
                        "id": "agir-ovfepswc3l-qghjq1-GET-500",
                        "attributes": {
                            "http_method": "GET",
                            "id": "agir-ovfepswc3l-qghjq1-GET-500",
                            "resource_id": "qghjq1",
                            "response_parameters.%": "0",
                            "response_templates.%": "1",
                            "response_templates.application/json": "",
                            "rest_api_id": "ovfepswc3l",
                            "selection_pattern": "InternalServerError.*",
                            "status_code": "500"
                        },
                        "meta": {},
                        "tainted": false
                    },
                    "deposed": [],
                    "provider": ""
                },
                "aws_api_gateway_method.request_method": {
                    "type": "aws_api_gateway_method",
                    "depends_on": [],
                    "primary": {
                        "id": "agm-ovfepswc3l-qghjq1-GET",
                        "attributes": {
                            "api_key_required": "false",
                            "authorization": "NONE",
                            "authorizer_id": "",
                            "http_method": "GET",
                            "id": "agm-ovfepswc3l-qghjq1-GET",
                            "request_models.%": "0",
                            "request_parameters.%": "0",
                            "resource_id": "qghjq1",
                            "rest_api_id": "ovfepswc3l"
                        },
                        "meta": {},
                        "tainted": false
                    },
                    "deposed": [],
                    "provider": ""
                },
                "aws_api_gateway_method_response.response_method_200": {
                    "type": "aws_api_gateway_method_response",
                    "depends_on": [
                        "aws_api_gateway_integration.request_method_integration"
                    ],
                    "primary": {
                        "id": "agmr-ovfepswc3l-qghjq1-GET-200",
                        "attributes": {
                            "http_method": "GET",
                            "id": "agmr-ovfepswc3l-qghjq1-GET-200",
                            "resource_id": "qghjq1",
                            "response_models.%": "1",
                            "response_models.application/json": "Empty",
                            "response_parameters.%": "0",
                            "rest_api_id": "ovfepswc3l",
                            "status_code": "200"
                        },
                        "meta": {},
                        "tainted": false
                    },
                    "deposed": [],
                    "provider": ""
                },
                "aws_api_gateway_method_response.response_method_400": {
                    "type": "aws_api_gateway_method_response",
                    "depends_on": [
                        "aws_api_gateway_integration_response.response_method_integration_200"
                    ],
                    "primary": {
                        "id": "agmr-ovfepswc3l-qghjq1-GET-400",
                        "attributes": {
                            "http_method": "GET",
                            "id": "agmr-ovfepswc3l-qghjq1-GET-400",
                            "resource_id": "qghjq1",
                            "response_models.%": "1",
                            "response_models.application/json": "Empty",
                            "response_parameters.%": "0",
                            "rest_api_id": "ovfepswc3l",
                            "status_code": "400"
                        },
                        "meta": {},
                        "tainted": false
                    },
                    "deposed": [],
                    "provider": ""
                },
                "aws_api_gateway_method_response.response_method_500": {
                    "type": "aws_api_gateway_method_response",
                    "depends_on": [
                        "aws_api_gateway_integration_response.response_method_integration_400"
                    ],
                    "primary": {
                        "id": "agmr-ovfepswc3l-qghjq1-GET-500",
                        "attributes": {
                            "http_method": "GET",
                            "id": "agmr-ovfepswc3l-qghjq1-GET-500",
                            "resource_id": "qghjq1",
                            "response_models.%": "1",
                            "response_models.application/json": "Empty",
                            "response_parameters.%": "0",
                            "rest_api_id": "ovfepswc3l",
                            "status_code": "500"
                        },
                        "meta": {},
                        "tainted": false
                    },
                    "deposed": [],
                    "provider": ""
                },
                "aws_lambda_permission.allow_api_gateway": {
                    "type": "aws_lambda_permission",
                    "depends_on": [],
                    "primary": {
                        "id": "AllowExecutionFromApiGateway",
                        "attributes": {
                            "action": "lambda:InvokeFunction",
                            "function_name": "arn:aws:lambda:us-east-1:166473545606:function:taskapp_task_list",
                            "id": "AllowExecutionFromApiGateway",
                            "principal": "apigateway.amazonaws.com",
                            "qualifier": "",
                            "source_arn": "arn:aws:execute-api:us-east-1:166473545606:ovfepswc3l/*/GET/task/list",
                            "statement_id": "AllowExecutionFromApiGateway"
                        },
                        "meta": {},
                        "tainted": false
                    },
                    "deposed": [],
                    "provider": ""
                }
            },
            "depends_on": []
        },
        {
            "path": [
                "root",
                "task_update"
            ],
            "outputs": {
                "http_method": {
                    "sensitive": false,
                    "type": "string",
                    "value": "PUT"
                }
            },
            "resources": {
                "aws_api_gateway_integration.request_method_integration": {
                    "type": "aws_api_gateway_integration",
                    "depends_on": [
                        "aws_api_gateway_method.request_method"
                    ],
                    "primary": {
                        "id": "agi-ovfepswc3l-o6nh41-PUT",
                        "attributes": {
                            "http_method": "PUT",
                            "id": "agi-ovfepswc3l-o6nh41-PUT",
                            "integration_http_method": "POST",
                            "passthrough_behavior": "WHEN_NO_MATCH",
                            "request_parameters.%": "0",
                            "request_templates.%": "1",
                            "request_templates.application/json": "{\n  #if($input.params('updateTaskId'))\"id\" : \"$input.params('updateTaskId')\"#end\n}\n",
                            "resource_id": "o6nh41",
                            "rest_api_id": "ovfepswc3l",
                            "type": "AWS",
                            "uri": "arn:aws:apigateway:us-east-1:lambda:path/2015-03-31/functions/arn:aws:lambda:us-east-1:166473545606:function:taskapp_task_update/invocations"
                        },
                        "meta": {},
                        "tainted": false
                    },
                    "deposed": [],
                    "provider": ""
                },
                "aws_api_gateway_integration_response.response_method_integration_200": {
                    "type": "aws_api_gateway_integration_response",
                    "depends_on": [
                        "aws_api_gateway_method_response.response_method_200"
                    ],
                    "primary": {
                        "id": "agir-ovfepswc3l-o6nh41-PUT-200",
                        "attributes": {
                            "http_method": "PUT",
                            "id": "agir-ovfepswc3l-o6nh41-PUT-200",
                            "resource_id": "o6nh41",
                            "response_parameters.%": "0",
                            "response_templates.%": "1",
                            "response_templates.application/json": "",
                            "rest_api_id": "ovfepswc3l",
                            "selection_pattern": "",
                            "status_code": "200"
                        },
                        "meta": {},
                        "tainted": false
                    },
                    "deposed": [],
                    "provider": ""
                },
                "aws_api_gateway_integration_response.response_method_integration_400": {
                    "type": "aws_api_gateway_integration_response",
                    "depends_on": [
                        "aws_api_gateway_method_response.response_method_400"
                    ],
                    "primary": {
                        "id": "agir-ovfepswc3l-o6nh41-PUT-400",
                        "attributes": {
                            "http_method": "PUT",
                            "id": "agir-ovfepswc3l-o6nh41-PUT-400",
                            "resource_id": "o6nh41",
                            "response_parameters.%": "0",
                            "response_templates.%": "1",
                            "response_templates.application/json": "",
                            "rest_api_id": "ovfepswc3l",
                            "selection_pattern": "BadRequest.*",
                            "status_code": "400"
                        },
                        "meta": {},
                        "tainted": false
                    },
                    "deposed": [],
                    "provider": ""
                },
                "aws_api_gateway_integration_response.response_method_integration_500": {
                    "type": "aws_api_gateway_integration_response",
                    "depends_on": [
                        "aws_api_gateway_method_response.response_method_500"
                    ],
                    "primary": {
                        "id": "agir-ovfepswc3l-o6nh41-PUT-500",
                        "attributes": {
                            "http_method": "PUT",
                            "id": "agir-ovfepswc3l-o6nh41-PUT-500",
                            "resource_id": "o6nh41",
                            "response_parameters.%": "0",
                            "response_templates.%": "1",
                            "response_templates.application/json": "",
                            "rest_api_id": "ovfepswc3l",
                            "selection_pattern": "InternalServerError.*",
                            "status_code": "500"
                        },
                        "meta": {},
                        "tainted": false
                    },
                    "deposed": [],
                    "provider": ""
                },
                "aws_api_gateway_method.request_method": {
                    "type": "aws_api_gateway_method",
                    "depends_on": [],
                    "primary": {
                        "id": "agm-ovfepswc3l-o6nh41-PUT",
                        "attributes": {
                            "api_key_required": "false",
                            "authorization": "NONE",
                            "authorizer_id": "",
                            "http_method": "PUT",
                            "id": "agm-ovfepswc3l-o6nh41-PUT",
                            "request_models.%": "0",
                            "request_parameters.%": "0",
                            "resource_id": "o6nh41",
                            "rest_api_id": "ovfepswc3l"
                        },
                        "meta": {},
                        "tainted": false
                    },
                    "deposed": [],
                    "provider": ""
                },
                "aws_api_gateway_method_response.response_method_200": {
                    "type": "aws_api_gateway_method_response",
                    "depends_on": [
                        "aws_api_gateway_integration.request_method_integration"
                    ],
                    "primary": {
                        "id": "agmr-ovfepswc3l-o6nh41-PUT-200",
                        "attributes": {
                            "http_method": "PUT",
                            "id": "agmr-ovfepswc3l-o6nh41-PUT-200",
                            "resource_id": "o6nh41",
                            "response_models.%": "1",
                            "response_models.application/json": "Empty",
                            "response_parameters.%": "0",
                            "rest_api_id": "ovfepswc3l",
                            "status_code": "200"
                        },
                        "meta": {},
                        "tainted": false
                    },
                    "deposed": [],
                    "provider": ""
                },
                "aws_api_gateway_method_response.response_method_400": {
                    "type": "aws_api_gateway_method_response",
                    "depends_on": [
                        "aws_api_gateway_integration_response.response_method_integration_200"
                    ],
                    "primary": {
                        "id": "agmr-ovfepswc3l-o6nh41-PUT-400",
                        "attributes": {
                            "http_method": "PUT",
                            "id": "agmr-ovfepswc3l-o6nh41-PUT-400",
                            "resource_id": "o6nh41",
                            "response_models.%": "1",
                            "response_models.application/json": "Empty",
                            "response_parameters.%": "0",
                            "rest_api_id": "ovfepswc3l",
                            "status_code": "400"
                        },
                        "meta": {},
                        "tainted": false
                    },
                    "deposed": [],
                    "provider": ""
                },
                "aws_api_gateway_method_response.response_method_500": {
                    "type": "aws_api_gateway_method_response",
                    "depends_on": [
                        "aws_api_gateway_integration_response.response_method_integration_400"
                    ],
                    "primary": {
                        "id": "agmr-ovfepswc3l-o6nh41-PUT-500",
                        "attributes": {
                            "http_method": "PUT",
                            "id": "agmr-ovfepswc3l-o6nh41-PUT-500",
                            "resource_id": "o6nh41",
                            "response_models.%": "1",
                            "response_models.application/json": "Empty",
                            "response_parameters.%": "0",
                            "rest_api_id": "ovfepswc3l",
                            "status_code": "500"
                        },
                        "meta": {},
                        "tainted": false
                    },
                    "deposed": [],
                    "provider": ""
                },
                "aws_lambda_permission.allow_api_gateway": {
                    "type": "aws_lambda_permission",
                    "depends_on": [],
                    "primary": {
                        "id": "AllowExecutionFromApiGateway",
                        "attributes": {
                            "action": "lambda:InvokeFunction",
                            "function_name": "arn:aws:lambda:us-east-1:166473545606:function:taskapp_task_update",
                            "id": "AllowExecutionFromApiGateway",
                            "principal": "apigateway.amazonaws.com",
                            "qualifier": "",
                            "source_arn": "arn:aws:execute-api:us-east-1:166473545606:ovfepswc3l/*/PUT/task/{updateTaskId}",
                            "statement_id": "AllowExecutionFromApiGateway"
                        },
                        "meta": {},
                        "tainted": false
                    },
                    "deposed": [],
                    "provider": ""
                }
            },
            "depends_on": []
        }
    ]
}
