{
    "version": 3,
    "terraform_version": "0.9.11",
    "serial": 9,
    "lineage": "b4960981-2a7e-465a-9d26-0c1b25220f73",
    "modules": [
        {
            "path": [
                "root"
            ],
            "outputs": {},
            "resources": {
                "aws_dynamodb_table.taskapp_table": {
                    "type": "aws_dynamodb_table",
                    "depends_on": [],
                    "primary": {
                        "id": "taskapp_terr",
                        "attributes": {
                            "arn": "arn:aws:dynamodb:us-east-1:166473545606:table/taskapp_terr",
                            "attribute.#": "1",
                            "attribute.4228504427.name": "id",
                            "attribute.4228504427.type": "S",
                            "global_secondary_index.#": "0",
                            "hash_key": "id",
                            "id": "taskapp_terr",
                            "local_secondary_index.#": "0",
                            "name": "taskapp_terr",
                            "read_capacity": "5",
                            "write_capacity": "5"
                        },
                        "meta": {
                            "schema_version": "1"
                        },
                        "tainted": false
                    },
                    "deposed": [],
                    "provider": ""
                },
                "aws_iam_policy.lambda_dynamodb_full_access_policy": {
                    "type": "aws_iam_policy",
                    "depends_on": [],
                    "primary": {
                        "id": "arn:aws:iam::166473545606:policy/lambda_dynamodb_full_access_policy",
                        "attributes": {
                            "arn": "arn:aws:iam::166473545606:policy/lambda_dynamodb_full_access_policy",
                            "description": "Full access to DynamoDB",
                            "id": "arn:aws:iam::166473545606:policy/lambda_dynamodb_full_access_policy",
                            "name": "lambda_dynamodb_full_access_policy",
                            "path": "/",
                            "policy": "{\n  \"Version\": \"2012-10-17\",\n  \"Statement\": [\n    {\n      \"Action\": [\"dynamodb:*\"],\n      \"Effect\": \"Allow\",\n      \"Resource\": \"*\"\n    }\n  ]\n}\n"
                        },
                        "meta": {},
                        "tainted": false
                    },
                    "deposed": [],
                    "provider": ""
                }
            },
            "depends_on": []
        }
    ]
}
