{
    "version": 3,
    "terraform_version": "0.9.11",
    "serial": 25,
    "lineage": "b4960981-2a7e-465a-9d26-0c1b25220f73",
    "modules": [
        {
            "path": [
                "root"
            ],
            "outputs": {},
            "resources": {
                "aws_api_gateway_deployment.example_api_deployment": {
                    "type": "aws_api_gateway_deployment",
                    "depends_on": [
                        "aws_api_gateway_rest_api.example_api",
                        "module.hello_get",
                        "module.hello_post"
                    ],
                    "primary": {
                        "id": "dw5hk6",
                        "attributes": {
                            "created_date": "2017-08-01T22:07:10Z",
                            "description": "Deploy methods: GET POST",
                            "execution_arn": "arn:aws:execute-api:us-east-1:166473545606:ap4etyyrud/dev",
                            "id": "dw5hk6",
                            "invoke_url": "https://ap4etyyrud.execute-api.us-east-1.amazonaws.com/dev",
                            "rest_api_id": "ap4etyyrud",
                            "stage_name": "dev"
                        },
                        "meta": {},
                        "tainted": false
                    },
                    "deposed": [],
                    "provider": ""
                },
                "aws_api_gateway_resource.example_api_res_hello": {
                    "type": "aws_api_gateway_resource",
                    "depends_on": [
                        "aws_api_gateway_rest_api.example_api"
                    ],
                    "primary": {
                        "id": "yrak3y",
                        "attributes": {
                            "id": "yrak3y",
                            "parent_id": "23oaijox5d",
                            "path": "/hello",
                            "path_part": "hello",
                            "rest_api_id": "ap4etyyrud"
                        },
                        "meta": {},
                        "tainted": false
                    },
                    "deposed": [],
                    "provider": ""
                },
                "aws_api_gateway_rest_api.example_api": {
                    "type": "aws_api_gateway_rest_api",
                    "depends_on": [],
                    "primary": {
                        "id": "ap4etyyrud",
                        "attributes": {
                            "binary_media_types.#": "0",
                            "created_date": "2017-08-01T21:29:34Z",
                            "description": "",
                            "id": "ap4etyyrud",
                            "name": "Hello API",
                            "root_resource_id": "23oaijox5d"
                        },
                        "meta": {},
                        "tainted": false
                    },
                    "deposed": [],
                    "provider": ""
                },
                "aws_dynamodb_table.taskapp_table": {
                    "type": "aws_dynamodb_table",
                    "depends_on": [],
                    "primary": {
                        "id": "taskapp_terr",
                        "attributes": {
                            "arn": "arn:aws:dynamodb:us-east-1:166473545606:table/taskapp_terr",
                            "attribute.#": "1",
                            "attribute.4228504427.name": "id",
                            "attribute.4228504427.type": "S",
                            "global_secondary_index.#": "0",
                            "hash_key": "id",
                            "id": "taskapp_terr",
                            "local_secondary_index.#": "0",
                            "name": "taskapp_terr",
                            "read_capacity": "5",
                            "write_capacity": "5"
                        },
                        "meta": {
                            "schema_version": "1"
                        },
                        "tainted": false
                    },
                    "deposed": [],
                    "provider": ""
                }
            },
            "depends_on": []
        },
        {
            "path": [
                "root",
                "hello_get"
            ],
            "outputs": {
                "http_method": {
                    "sensitive": false,
                    "type": "string",
                    "value": "GET"
                }
            },
            "resources": {
                "aws_api_gateway_integration.request_method_integration": {
                    "type": "aws_api_gateway_integration",
                    "depends_on": [
                        "aws_api_gateway_method.request_method"
                    ],
                    "primary": {
                        "id": "agi-ap4etyyrud-yrak3y-GET",
                        "attributes": {
                            "http_method": "GET",
                            "id": "agi-ap4etyyrud-yrak3y-GET",
                            "integration_http_method": "POST",
                            "passthrough_behavior": "WHEN_NO_MATCH",
                            "request_parameters.%": "0",
                            "request_templates.%": "0",
                            "resource_id": "yrak3y",
                            "rest_api_id": "ap4etyyrud",
                            "type": "AWS",
                            "uri": "arn:aws:apigateway:us-east-1:lambda:path/2015-03-31/functions/arn:aws:lambda:us-east-1:166473545606:function:taskapp_list/invocations"
                        },
                        "meta": {},
                        "tainted": false
                    },
                    "deposed": [],
                    "provider": ""
                },
                "aws_api_gateway_integration_response.response_method_integration": {
                    "type": "aws_api_gateway_integration_response",
                    "depends_on": [
                        "aws_api_gateway_method_response.response_method"
                    ],
                    "primary": {
                        "id": "agir-ap4etyyrud-yrak3y-GET-200",
                        "attributes": {
                            "http_method": "GET",
                            "id": "agir-ap4etyyrud-yrak3y-GET-200",
                            "resource_id": "yrak3y",
                            "response_parameters.%": "0",
                            "response_templates.%": "1",
                            "response_templates.application/json": "",
                            "rest_api_id": "ap4etyyrud",
                            "selection_pattern": "",
                            "status_code": "200"
                        },
                        "meta": {},
                        "tainted": false
                    },
                    "deposed": [],
                    "provider": ""
                },
                "aws_api_gateway_method.request_method": {
                    "type": "aws_api_gateway_method",
                    "depends_on": [],
                    "primary": {
                        "id": "agm-ap4etyyrud-yrak3y-GET",
                        "attributes": {
                            "api_key_required": "false",
                            "authorization": "NONE",
                            "authorizer_id": "",
                            "http_method": "GET",
                            "id": "agm-ap4etyyrud-yrak3y-GET",
                            "request_models.%": "0",
                            "request_parameters.%": "0",
                            "resource_id": "yrak3y",
                            "rest_api_id": "ap4etyyrud"
                        },
                        "meta": {},
                        "tainted": false
                    },
                    "deposed": [],
                    "provider": ""
                },
                "aws_api_gateway_method_response.response_method": {
                    "type": "aws_api_gateway_method_response",
                    "depends_on": [
                        "aws_api_gateway_integration.request_method_integration"
                    ],
                    "primary": {
                        "id": "agmr-ap4etyyrud-yrak3y-GET-200",
                        "attributes": {
                            "http_method": "GET",
                            "id": "agmr-ap4etyyrud-yrak3y-GET-200",
                            "resource_id": "yrak3y",
                            "response_models.%": "1",
                            "response_models.application/json": "Empty",
                            "response_parameters.%": "0",
                            "rest_api_id": "ap4etyyrud",
                            "status_code": "200"
                        },
                        "meta": {},
                        "tainted": false
                    },
                    "deposed": [],
                    "provider": ""
                },
                "aws_lambda_permission.allow_api_gateway": {
                    "type": "aws_lambda_permission",
                    "depends_on": [],
                    "primary": {
                        "id": "AllowExecutionFromApiGateway",
                        "attributes": {
                            "action": "lambda:InvokeFunction",
                            "function_name": "arn:aws:lambda:us-east-1:166473545606:function:taskapp_list",
                            "id": "AllowExecutionFromApiGateway",
                            "principal": "apigateway.amazonaws.com",
                            "qualifier": "",
                            "source_arn": "arn:aws:execute-api:us-east-1:166473545606:ap4etyyrud/*/GET/hello",
                            "statement_id": "AllowExecutionFromApiGateway"
                        },
                        "meta": {},
                        "tainted": false
                    },
                    "deposed": [],
                    "provider": ""
                }
            },
            "depends_on": []
        },
        {
            "path": [
                "root",
                "hello_post"
            ],
            "outputs": {
                "http_method": {
                    "sensitive": false,
                    "type": "string",
                    "value": "POST"
                }
            },
            "resources": {
                "aws_api_gateway_integration.request_method_integration": {
                    "type": "aws_api_gateway_integration",
                    "depends_on": [
                        "aws_api_gateway_method.request_method"
                    ],
                    "primary": {
                        "id": "agi-ap4etyyrud-yrak3y-POST",
                        "attributes": {
                            "http_method": "POST",
                            "id": "agi-ap4etyyrud-yrak3y-POST",
                            "integration_http_method": "POST",
                            "passthrough_behavior": "WHEN_NO_MATCH",
                            "request_parameters.%": "0",
                            "request_templates.%": "0",
                            "resource_id": "yrak3y",
                            "rest_api_id": "ap4etyyrud",
                            "type": "AWS",
                            "uri": "arn:aws:apigateway:us-east-1:lambda:path/2015-03-31/functions/arn:aws:lambda:us-east-1:166473545606:function:taskapp_add/invocations"
                        },
                        "meta": {},
                        "tainted": false
                    },
                    "deposed": [],
                    "provider": ""
                },
                "aws_api_gateway_integration_response.response_method_integration": {
                    "type": "aws_api_gateway_integration_response",
                    "depends_on": [
                        "aws_api_gateway_method_response.response_method"
                    ],
                    "primary": {
                        "id": "agir-ap4etyyrud-yrak3y-POST-200",
                        "attributes": {
                            "http_method": "POST",
                            "id": "agir-ap4etyyrud-yrak3y-POST-200",
                            "resource_id": "yrak3y",
                            "response_parameters.%": "0",
                            "response_templates.%": "1",
                            "response_templates.application/json": "",
                            "rest_api_id": "ap4etyyrud",
                            "selection_pattern": "",
                            "status_code": "200"
                        },
                        "meta": {},
                        "tainted": false
                    },
                    "deposed": [],
                    "provider": ""
                },
                "aws_api_gateway_method.request_method": {
                    "type": "aws_api_gateway_method",
                    "depends_on": [],
                    "primary": {
                        "id": "agm-ap4etyyrud-yrak3y-POST",
                        "attributes": {
                            "api_key_required": "false",
                            "authorization": "NONE",
                            "authorizer_id": "",
                            "http_method": "POST",
                            "id": "agm-ap4etyyrud-yrak3y-POST",
                            "request_models.%": "0",
                            "request_parameters.%": "0",
                            "resource_id": "yrak3y",
                            "rest_api_id": "ap4etyyrud"
                        },
                        "meta": {},
                        "tainted": false
                    },
                    "deposed": [],
                    "provider": ""
                },
                "aws_api_gateway_method_response.response_method": {
                    "type": "aws_api_gateway_method_response",
                    "depends_on": [
                        "aws_api_gateway_integration.request_method_integration"
                    ],
                    "primary": {
                        "id": "agmr-ap4etyyrud-yrak3y-POST-200",
                        "attributes": {
                            "http_method": "POST",
                            "id": "agmr-ap4etyyrud-yrak3y-POST-200",
                            "resource_id": "yrak3y",
                            "response_models.%": "1",
                            "response_models.application/json": "Empty",
                            "response_parameters.%": "0",
                            "rest_api_id": "ap4etyyrud",
                            "status_code": "200"
                        },
                        "meta": {},
                        "tainted": false
                    },
                    "deposed": [],
                    "provider": ""
                },
                "aws_lambda_permission.allow_api_gateway": {
                    "type": "aws_lambda_permission",
                    "depends_on": [],
                    "primary": {
                        "id": "AllowExecutionFromApiGateway",
                        "attributes": {
                            "action": "lambda:InvokeFunction",
                            "function_name": "arn:aws:lambda:us-east-1:166473545606:function:taskapp_add",
                            "id": "AllowExecutionFromApiGateway",
                            "principal": "apigateway.amazonaws.com",
                            "qualifier": "",
                            "source_arn": "arn:aws:execute-api:us-east-1:166473545606:ap4etyyrud/*/POST/hello",
                            "statement_id": "AllowExecutionFromApiGateway"
                        },
                        "meta": {},
                        "tainted": false
                    },
                    "deposed": [],
                    "provider": ""
                }
            },
            "depends_on": []
        }
    ]
}
